
Microsoft Visual Studio Solution File, Format Version 12.00
# Visual Studio Version 16
VisualStudioVersion = 16.0.30907.101
MinimumVisualStudioVersion = 10.0.40219.1
Project("{9A19103F-16F7-4668-BE54-9A1E7A4F7556}") = "OnlineShop", "online-shop\OnlineShop.csproj", "{A8CEEDD2-7ED1-4CAE-9EBB-94840ECB4DBF}"
EndProject
Project("{2150E333-8FDC-42A3-9474-1A3956D46DE8}") = "Modules", "Modules", "{1E147457-BF42-4C65-BD69-5EE011FA66DE}"
EndProject
Project("{2150E333-8FDC-42A3-9474-1A3956D46DE8}") = "Product", "Product", "{5BB45BE9-730C-4E15-B072-A58A21232BF0}"
EndProject
Project("{2150E333-8FDC-42A3-9474-1A3956D46DE8}") = "Order", "Order", "{DEC5DB57-317C-4254-9A9E-1F049B1F7567}"
EndProject
Project("{2150E333-8FDC-42A3-9474-1A3956D46DE8}") = "Cart", "Cart", "{85F7F326-6085-4A4B-91E7-DEDD0CC80773}"
EndProject
Project("{9A19103F-16F7-4668-BE54-9A1E7A4F7556}") = "OnlineShop.Product.Persistence", "Product.Persistence\OnlineShop.Product.Persistence.csproj", "{C4DABA99-812D-424A-A1F1-F9A15111588D}"
EndProject
Project("{2150E333-8FDC-42A3-9474-1A3956D46DE8}") = "Contracts", "Contracts", "{A3E1F5C2-053E-4517-AC63-319977BF2608}"
EndProject
Project("{9A19103F-16F7-4668-BE54-9A1E7A4F7556}") = "OnlineShop.Contracts", "Contracts\OnlineShop.Contracts.csproj", "{6555C04E-2A15-404A-9DAF-3A5A146D52DA}"
EndProject
Project("{9A19103F-16F7-4668-BE54-9A1E7A4F7556}") = "OnlineShop.Product.Domain", "online-shop.Product.Domain\OnlineShop.Product.Domain.csproj", "{316E842C-4426-4901-851A-6D17C52211D6}"
EndProject
Project("{9A19103F-16F7-4668-BE54-9A1E7A4F7556}") = "OnlineShop.Cart.Persistence", "online-shop.Cart.Persistence\OnlineShop.Cart.Persistence.csproj", "{133238C6-D2F2-4623-8FB7-15D919CF058E}"
EndProject
Project("{9A19103F-16F7-4668-BE54-9A1E7A4F7556}") = "OnlineShop.Cart.Domain", "online-shop.Cart.Domain\OnlineShop.Cart.Domain.csproj", "{19B76F4D-A96A-40C8-8859-937D6F2703EB}"
EndProject
Project("{9A19103F-16F7-4668-BE54-9A1E7A4F7556}") = "OnlineShop.Order.Persistence", "online-shop.Order.Persistence\OnlineShop.Order.Persistence.csproj", "{4D5CBAFF-55CD-46EC-AB52-5231BF45BFAA}"
EndProject
Project("{9A19103F-16F7-4668-BE54-9A1E7A4F7556}") = "OnlineShop.Order.Domain", "online-shop.Order.Domain\OnlineShop.Order.Domain.csproj", "{45041FD6-B83D-4959-91C6-B4E35EFA62EA}"
EndProject
Project("{2150E333-8FDC-42A3-9474-1A3956D46DE8}") = "User", "User", "{0B391A05-F6A0-4759-B860-C89E0A45CC0D}"
EndProject
Project("{9A19103F-16F7-4668-BE54-9A1E7A4F7556}") = "OnlineShop.User.Persistence", "online-shop.User.Persistence\OnlineShop.User.Persistence.csproj", "{4E841D7D-2793-42BC-BAE4-CAAC16B326E8}"
EndProject
Project("{9A19103F-16F7-4668-BE54-9A1E7A4F7556}") = "OnlineShop.User.Domain", "online-shop.User.Domain\OnlineShop.User.Domain.csproj", "{5D228E68-FF1D-4E3A-83A1-169282A74686}"
EndProject
Project("{2150E333-8FDC-42A3-9474-1A3956D46DE8}") = "Infrastructure", "Infrastructure", "{E955BE00-A392-4805-A827-A776C957AC50}"
EndProject
Project("{9A19103F-16F7-4668-BE54-9A1E7A4F7556}") = "OnlineShop.Infrastructure", "online-shop.Infrastructure\OnlineShop.Infrastructure.csproj", "{D57818E3-93CE-4404-8D69-F22EC3E48B69}"
EndProject
Project("{FAE04EC0-301F-11D3-BF4B-00C04F79EFBC}") = "OnlineShop.Product.WebApi", "OnlineShop.Product.WebApi\OnlineShop.Product.WebApi.csproj", "{871F19C4-BAFB-4B9A-8A60-6275542D4C6D}"
EndProject
Project("{FAE04EC0-301F-11D3-BF4B-00C04F79EFBC}") = "OnlineShop.Tests", "OnlineShop.Tests\OnlineShop.Tests.csproj", "{DAC5DD13-329B-45AC-B306-ED37C5D712A0}"
EndProject
Project("{2150E333-8FDC-42A3-9474-1A3956D46DE8}") = "Payment", "Payment", "{369A9912-EEC8-45C6-84CB-95CCBF548424}"
EndProject
Project("{FAE04EC0-301F-11D3-BF4B-00C04F79EFBC}") = "OnlineShop.Payment.Domain", "OnlineShop.Payment.Domain\OnlineShop.Payment.Domain.csproj", "{AEB7856A-2632-4BF4-BC24-8E1C6576C7A5}"
EndProject
Global
	GlobalSection(SolutionConfigurationPlatforms) = preSolution
		Debug|Any CPU = Debug|Any CPU
		Release|Any CPU = Release|Any CPU
	EndGlobalSection
	GlobalSection(ProjectConfigurationPlatforms) = postSolution
		{A8CEEDD2-7ED1-4CAE-9EBB-94840ECB4DBF}.Debug|Any CPU.ActiveCfg = Debug|Any CPU
		{A8CEEDD2-7ED1-4CAE-9EBB-94840ECB4DBF}.Debug|Any CPU.Build.0 = Debug|Any CPU
		{A8CEEDD2-7ED1-4CAE-9EBB-94840ECB4DBF}.Release|Any CPU.ActiveCfg = Release|Any CPU
		{A8CEEDD2-7ED1-4CAE-9EBB-94840ECB4DBF}.Release|Any CPU.Build.0 = Release|Any CPU
		{C4DABA99-812D-424A-A1F1-F9A15111588D}.Debug|Any CPU.ActiveCfg = Debug|Any CPU
		{C4DABA99-812D-424A-A1F1-F9A15111588D}.Debug|Any CPU.Build.0 = Debug|Any CPU
		{C4DABA99-812D-424A-A1F1-F9A15111588D}.Release|Any CPU.ActiveCfg = Release|Any CPU
		{C4DABA99-812D-424A-A1F1-F9A15111588D}.Release|Any CPU.Build.0 = Release|Any CPU
		{6555C04E-2A15-404A-9DAF-3A5A146D52DA}.Debug|Any CPU.ActiveCfg = Debug|Any CPU
		{6555C04E-2A15-404A-9DAF-3A5A146D52DA}.Debug|Any CPU.Build.0 = Debug|Any CPU
		{6555C04E-2A15-404A-9DAF-3A5A146D52DA}.Release|Any CPU.ActiveCfg = Release|Any CPU
		{6555C04E-2A15-404A-9DAF-3A5A146D52DA}.Release|Any CPU.Build.0 = Release|Any CPU
		{316E842C-4426-4901-851A-6D17C52211D6}.Debug|Any CPU.ActiveCfg = Debug|Any CPU
		{316E842C-4426-4901-851A-6D17C52211D6}.Debug|Any CPU.Build.0 = Debug|Any CPU
		{316E842C-4426-4901-851A-6D17C52211D6}.Release|Any CPU.ActiveCfg = Release|Any CPU
		{316E842C-4426-4901-851A-6D17C52211D6}.Release|Any CPU.Build.0 = Release|Any CPU
		{133238C6-D2F2-4623-8FB7-15D919CF058E}.Debug|Any CPU.ActiveCfg = Debug|Any CPU
		{133238C6-D2F2-4623-8FB7-15D919CF058E}.Debug|Any CPU.Build.0 = Debug|Any CPU
		{133238C6-D2F2-4623-8FB7-15D919CF058E}.Release|Any CPU.ActiveCfg = Release|Any CPU
		{133238C6-D2F2-4623-8FB7-15D919CF058E}.Release|Any CPU.Build.0 = Release|Any CPU
		{19B76F4D-A96A-40C8-8859-937D6F2703EB}.Debug|Any CPU.ActiveCfg = Debug|Any CPU
		{19B76F4D-A96A-40C8-8859-937D6F2703EB}.Debug|Any CPU.Build.0 = Debug|Any CPU
		{19B76F4D-A96A-40C8-8859-937D6F2703EB}.Release|Any CPU.ActiveCfg = Release|Any CPU
		{19B76F4D-A96A-40C8-8859-937D6F2703EB}.Release|Any CPU.Build.0 = Release|Any CPU
		{4D5CBAFF-55CD-46EC-AB52-5231BF45BFAA}.Debug|Any CPU.ActiveCfg = Debug|Any CPU
		{4D5CBAFF-55CD-46EC-AB52-5231BF45BFAA}.Debug|Any CPU.Build.0 = Debug|Any CPU
		{4D5CBAFF-55CD-46EC-AB52-5231BF45BFAA}.Release|Any CPU.ActiveCfg = Release|Any CPU
		{4D5CBAFF-55CD-46EC-AB52-5231BF45BFAA}.Release|Any CPU.Build.0 = Release|Any CPU
		{45041FD6-B83D-4959-91C6-B4E35EFA62EA}.Debug|Any CPU.ActiveCfg = Debug|Any CPU
		{45041FD6-B83D-4959-91C6-B4E35EFA62EA}.Debug|Any CPU.Build.0 = Debug|Any CPU
		{45041FD6-B83D-4959-91C6-B4E35EFA62EA}.Release|Any CPU.ActiveCfg = Release|Any CPU
		{45041FD6-B83D-4959-91C6-B4E35EFA62EA}.Release|Any CPU.Build.0 = Release|Any CPU
		{4E841D7D-2793-42BC-BAE4-CAAC16B326E8}.Debug|Any CPU.ActiveCfg = Debug|Any CPU
		{4E841D7D-2793-42BC-BAE4-CAAC16B326E8}.Debug|Any CPU.Build.0 = Debug|Any CPU
		{4E841D7D-2793-42BC-BAE4-CAAC16B326E8}.Release|Any CPU.ActiveCfg = Release|Any CPU
		{4E841D7D-2793-42BC-BAE4-CAAC16B326E8}.Release|Any CPU.Build.0 = Release|Any CPU
		{5D228E68-FF1D-4E3A-83A1-169282A74686}.Debug|Any CPU.ActiveCfg = Debug|Any CPU
		{5D228E68-FF1D-4E3A-83A1-169282A74686}.Debug|Any CPU.Build.0 = Debug|Any CPU
		{5D228E68-FF1D-4E3A-83A1-169282A74686}.Release|Any CPU.ActiveCfg = Release|Any CPU
		{5D228E68-FF1D-4E3A-83A1-169282A74686}.Release|Any CPU.Build.0 = Release|Any CPU
		{D57818E3-93CE-4404-8D69-F22EC3E48B69}.Debug|Any CPU.ActiveCfg = Debug|Any CPU
		{D57818E3-93CE-4404-8D69-F22EC3E48B69}.Debug|Any CPU.Build.0 = Debug|Any CPU
		{D57818E3-93CE-4404-8D69-F22EC3E48B69}.Release|Any CPU.ActiveCfg = Release|Any CPU
		{D57818E3-93CE-4404-8D69-F22EC3E48B69}.Release|Any CPU.Build.0 = Release|Any CPU
		{871F19C4-BAFB-4B9A-8A60-6275542D4C6D}.Debug|Any CPU.ActiveCfg = Debug|Any CPU
		{871F19C4-BAFB-4B9A-8A60-6275542D4C6D}.Debug|Any CPU.Build.0 = Debug|Any CPU
		{871F19C4-BAFB-4B9A-8A60-6275542D4C6D}.Release|Any CPU.ActiveCfg = Release|Any CPU
		{871F19C4-BAFB-4B9A-8A60-6275542D4C6D}.Release|Any CPU.Build.0 = Release|Any CPU
		{DAC5DD13-329B-45AC-B306-ED37C5D712A0}.Debug|Any CPU.ActiveCfg = Debug|Any CPU
		{DAC5DD13-329B-45AC-B306-ED37C5D712A0}.Debug|Any CPU.Build.0 = Debug|Any CPU
		{DAC5DD13-329B-45AC-B306-ED37C5D712A0}.Release|Any CPU.ActiveCfg = Release|Any CPU
		{DAC5DD13-329B-45AC-B306-ED37C5D712A0}.Release|Any CPU.Build.0 = Release|Any CPU
		{AEB7856A-2632-4BF4-BC24-8E1C6576C7A5}.Debug|Any CPU.ActiveCfg = Debug|Any CPU
		{AEB7856A-2632-4BF4-BC24-8E1C6576C7A5}.Debug|Any CPU.Build.0 = Debug|Any CPU
		{AEB7856A-2632-4BF4-BC24-8E1C6576C7A5}.Release|Any CPU.ActiveCfg = Release|Any CPU
		{AEB7856A-2632-4BF4-BC24-8E1C6576C7A5}.Release|Any CPU.Build.0 = Release|Any CPU
	EndGlobalSection
	GlobalSection(SolutionProperties) = preSolution
		HideSolutionNode = FALSE
	EndGlobalSection
	GlobalSection(NestedProjects) = preSolution
		{5BB45BE9-730C-4E15-B072-A58A21232BF0} = {1E147457-BF42-4C65-BD69-5EE011FA66DE}
		{DEC5DB57-317C-4254-9A9E-1F049B1F7567} = {1E147457-BF42-4C65-BD69-5EE011FA66DE}
		{85F7F326-6085-4A4B-91E7-DEDD0CC80773} = {1E147457-BF42-4C65-BD69-5EE011FA66DE}
		{C4DABA99-812D-424A-A1F1-F9A15111588D} = {5BB45BE9-730C-4E15-B072-A58A21232BF0}
		{A3E1F5C2-053E-4517-AC63-319977BF2608} = {1E147457-BF42-4C65-BD69-5EE011FA66DE}
		{6555C04E-2A15-404A-9DAF-3A5A146D52DA} = {A3E1F5C2-053E-4517-AC63-319977BF2608}
		{316E842C-4426-4901-851A-6D17C52211D6} = {5BB45BE9-730C-4E15-B072-A58A21232BF0}
		{133238C6-D2F2-4623-8FB7-15D919CF058E} = {85F7F326-6085-4A4B-91E7-DEDD0CC80773}
		{19B76F4D-A96A-40C8-8859-937D6F2703EB} = {85F7F326-6085-4A4B-91E7-DEDD0CC80773}
		{4D5CBAFF-55CD-46EC-AB52-5231BF45BFAA} = {DEC5DB57-317C-4254-9A9E-1F049B1F7567}
		{45041FD6-B83D-4959-91C6-B4E35EFA62EA} = {DEC5DB57-317C-4254-9A9E-1F049B1F7567}
		{0B391A05-F6A0-4759-B860-C89E0A45CC0D} = {1E147457-BF42-4C65-BD69-5EE011FA66DE}
		{4E841D7D-2793-42BC-BAE4-CAAC16B326E8} = {0B391A05-F6A0-4759-B860-C89E0A45CC0D}
		{5D228E68-FF1D-4E3A-83A1-169282A74686} = {0B391A05-F6A0-4759-B860-C89E0A45CC0D}
		{E955BE00-A392-4805-A827-A776C957AC50} = {1E147457-BF42-4C65-BD69-5EE011FA66DE}
		{D57818E3-93CE-4404-8D69-F22EC3E48B69} = {E955BE00-A392-4805-A827-A776C957AC50}
		{871F19C4-BAFB-4B9A-8A60-6275542D4C6D} = {5BB45BE9-730C-4E15-B072-A58A21232BF0}
		{369A9912-EEC8-45C6-84CB-95CCBF548424} = {1E147457-BF42-4C65-BD69-5EE011FA66DE}
		{AEB7856A-2632-4BF4-BC24-8E1C6576C7A5} = {369A9912-EEC8-45C6-84CB-95CCBF548424}
	EndGlobalSection
	GlobalSection(ExtensibilityGlobals) = postSolution
		SolutionGuid = {6C716DC7-F228-43EC-A7AA-C91344C21B7D}
	EndGlobalSection
EndGlobal
